
Microsoft Visual Studio Solution File, Format Version 12.00
# Visual Studio Version 17
VisualStudioVersion = 17.14.36203.30 d17.14
MinimumVisualStudioVersion = 10.0.40219.1
Project("{FAE04EC0-301F-11D3-BF4B-00C04F79EFBC}") = "NorthwindMvcDemo", "NorthwindMvcDemo\NorthwindMvcDemo.csproj", "{792DC584-5B74-41BC-B8C2-678C3E9D43BE}"
EndProject
Global
	GlobalSection(SolutionConfigurationPlatforms) = preSolution
		Debug|Any CPU = Debug|Any CPU
		Release|Any CPU = Release|Any CPU
	EndGlobalSection
	GlobalSection(ProjectConfigurationPlatforms) = postSolution
		{792DC584-5B74-41BC-B8C2-678C3E9D43BE}.Debug|Any CPU.ActiveCfg = Debug|Any CPU
		{792DC584-5B74-41BC-B8C2-678C3E9D43BE}.Debug|Any CPU.Build.0 = Debug|Any CPU
		{792DC584-5B74-41BC-B8C2-678C3E9D43BE}.Release|Any CPU.ActiveCfg = Release|Any CPU
		{792DC584-5B74-41BC-B8C2-678C3E9D43BE}.Release|Any CPU.Build.0 = Release|Any CPU
	EndGlobalSection
	GlobalSection(SolutionProperties) = preSolution
		HideSolutionNode = FALSE
	EndGlobalSection
	GlobalSection(ExtensibilityGlobals) = postSolution
		SolutionGuid = {79F4A5E7-2505-4B3D-B1F2-EE888BB40B36}
	EndGlobalSection
EndGlobal
